
Microsoft Visual Studio Solution File, Format Version 12.00
Project("{FAE04EC0-301F-11D3-BF4B-00C04F79EFBC}") = "TokeroHomeWork.UI", "TokeroHomeWork.UI\TokeroHomeWork.UI.csproj", "{D6705FF3-3B8E-461F-9FF2-A9D447D87C4B}"
EndProject
Project("{FAE04EC0-301F-11D3-BF4B-00C04F79EFBC}") = "TokeroHomeWork.Application", "TokeroHomeWork.Application\TokeroHomeWork.Application.csproj", "{B16A384E-B9EB-48F5-A77F-FCADE39A5796}"
EndProject
Global
	GlobalSection(SolutionConfigurationPlatforms) = preSolution
		Debug|Any CPU = Debug|Any CPU
		Release|Any CPU = Release|Any CPU
	EndGlobalSection
	GlobalSection(ProjectConfigurationPlatforms) = postSolution
		{D6705FF3-3B8E-461F-9FF2-A9D447D87C4B}.Debug|Any CPU.ActiveCfg = Debug|Any CPU
		{D6705FF3-3B8E-461F-9FF2-A9D447D87C4B}.Debug|Any CPU.Build.0 = Debug|Any CPU
		{D6705FF3-3B8E-461F-9FF2-A9D447D87C4B}.Release|Any CPU.ActiveCfg = Release|Any CPU
		{D6705FF3-3B8E-461F-9FF2-A9D447D87C4B}.Release|Any CPU.Build.0 = Release|Any CPU
		{B16A384E-B9EB-48F5-A77F-FCADE39A5796}.Debug|Any CPU.ActiveCfg = Debug|Any CPU
		{B16A384E-B9EB-48F5-A77F-FCADE39A5796}.Debug|Any CPU.Build.0 = Debug|Any CPU
		{B16A384E-B9EB-48F5-A77F-FCADE39A5796}.Release|Any CPU.ActiveCfg = Release|Any CPU
		{B16A384E-B9EB-48F5-A77F-FCADE39A5796}.Release|Any CPU.Build.0 = Release|Any CPU
	EndGlobalSection
EndGlobal
